// !$*UTF8*$!
{
	archiveVersion = 1;
	classes = {
	};
	objectVersion = 50;
	objects = {

/* Begin PBXBuildFile section */
		8025F3C3234DB7FF00587A2D /* MainViewController.swift in Sources */ = {isa = PBXBuildFile; fileRef = 8025F3C1234DB7FF00587A2D /* MainViewController.swift */; };
		8025F3C4234DB7FF00587A2D /* MainViewController.swift in Sources */ = {isa = PBXBuildFile; fileRef = 8025F3C1234DB7FF00587A2D /* MainViewController.swift */; };
		8025F3C5234DB7FF00587A2D /* MainViewController.xib in Resources */ = {isa = PBXBuildFile; fileRef = 8025F3C2234DB7FF00587A2D /* MainViewController.xib */; };
		8025F3C6234DB7FF00587A2D /* MainViewController.xib in Resources */ = {isa = PBXBuildFile; fileRef = 8025F3C2234DB7FF00587A2D /* MainViewController.xib */; };
		80496812234B08A200FEEF04 /* HumanIDSDK.framework in Frameworks */ = {isa = PBXBuildFile; fileRef = 80496811234B08A200FEEF04 /* HumanIDSDK.framework */; };
		805BCA582328E26A00421124 /* AppDelegate.swift in Sources */ = {isa = PBXBuildFile; fileRef = 805BCA572328E26A00421124 /* AppDelegate.swift */; };
		805BCA5A2328E26A00421124 /* ViewController.swift in Sources */ = {isa = PBXBuildFile; fileRef = 805BCA592328E26A00421124 /* ViewController.swift */; };
		805BCA5F2328E26B00421124 /* Assets.xcassets in Resources */ = {isa = PBXBuildFile; fileRef = 805BCA5E2328E26B00421124 /* Assets.xcassets */; };
		805BCA622328E26B00421124 /* LaunchScreen.storyboard in Resources */ = {isa = PBXBuildFile; fileRef = 805BCA602328E26B00421124 /* LaunchScreen.storyboard */; };
		805BCA6D2328E26B00421124 /* DemoAPP2Tests.swift in Sources */ = {isa = PBXBuildFile; fileRef = 805BCA6C2328E26B00421124 /* DemoAPP2Tests.swift */; };
/* End PBXBuildFile section */

/* Begin PBXContainerItemProxy section */
		805BCA692328E26B00421124 /* PBXContainerItemProxy */ = {
			isa = PBXContainerItemProxy;
			containerPortal = 805BCA4C2328E26A00421124 /* Project object */;
			proxyType = 1;
			remoteGlobalIDString = 805BCA532328E26A00421124;
			remoteInfo = DemoAPP2;
		};
/* End PBXContainerItemProxy section */

/* Begin PBXFileReference section */
		800CEED52339DC6600439180 /* HumanID.framework */ = {isa = PBXFileReference; explicitFileType = wrapper.framework; path = HumanID.framework; sourceTree = BUILT_PRODUCTS_DIR; };
		8025F3C1234DB7FF00587A2D /* MainViewController.swift */ = {isa = PBXFileReference; lastKnownFileType = sourcecode.swift; path = MainViewController.swift; sourceTree = "<group>"; };
		8025F3C2234DB7FF00587A2D /* MainViewController.xib */ = {isa = PBXFileReference; lastKnownFileType = file.xib; path = MainViewController.xib; sourceTree = "<group>"; };
		80496811234B08A200FEEF04 /* HumanIDSDK.framework */ = {isa = PBXFileReference; explicitFileType = wrapper.framework; path = HumanIDSDK.framework; sourceTree = BUILT_PRODUCTS_DIR; };
		805BCA542328E26A00421124 /* DemoAPP2.app */ = {isa = PBXFileReference; explicitFileType = wrapper.application; includeInIndex = 0; path = DemoAPP2.app; sourceTree = BUILT_PRODUCTS_DIR; };
		805BCA572328E26A00421124 /* AppDelegate.swift */ = {isa = PBXFileReference; lastKnownFileType = sourcecode.swift; path = AppDelegate.swift; sourceTree = "<group>"; };
		805BCA592328E26A00421124 /* ViewController.swift */ = {isa = PBXFileReference; lastKnownFileType = sourcecode.swift; path = ViewController.swift; sourceTree = "<group>"; };
		805BCA5E2328E26B00421124 /* Assets.xcassets */ = {isa = PBXFileReference; lastKnownFileType = folder.assetcatalog; path = Assets.xcassets; sourceTree = "<group>"; };
		805BCA612328E26B00421124 /* Base */ = {isa = PBXFileReference; lastKnownFileType = file.storyboard; name = Base; path = Base.lproj/LaunchScreen.storyboard; sourceTree = "<group>"; };
		805BCA632328E26B00421124 /* Info.plist */ = {isa = PBXFileReference; lastKnownFileType = text.plist.xml; path = Info.plist; sourceTree = "<group>"; };
		805BCA682328E26B00421124 /* DemoAPP2Tests.xctest */ = {isa = PBXFileReference; explicitFileType = wrapper.cfbundle; includeInIndex = 0; path = DemoAPP2Tests.xctest; sourceTree = BUILT_PRODUCTS_DIR; };
		805BCA6C2328E26B00421124 /* DemoAPP2Tests.swift */ = {isa = PBXFileReference; lastKnownFileType = sourcecode.swift; path = DemoAPP2Tests.swift; sourceTree = "<group>"; };
		805BCA6E2328E26B00421124 /* Info.plist */ = {isa = PBXFileReference; lastKnownFileType = text.plist.xml; path = Info.plist; sourceTree = "<group>"; };
/* End PBXFileReference section */

/* Begin PBXFrameworksBuildPhase section */
		805BCA512328E26A00421124 /* Frameworks */ = {
			isa = PBXFrameworksBuildPhase;
			buildActionMask = 2147483647;
			files = (
				80496812234B08A200FEEF04 /* HumanIDSDK.framework in Frameworks */,
			);
			runOnlyForDeploymentPostprocessing = 0;
		};
		805BCA652328E26B00421124 /* Frameworks */ = {
			isa = PBXFrameworksBuildPhase;
			buildActionMask = 2147483647;
			files = (
			);
			runOnlyForDeploymentPostprocessing = 0;
		};
/* End PBXFrameworksBuildPhase section */

/* Begin PBXGroup section */
		800CEEC02339B47800439180 /* Frameworks */ = {
			isa = PBXGroup;
			children = (
				80496811234B08A200FEEF04 /* HumanIDSDK.framework */,
				800CEED52339DC6600439180 /* HumanID.framework */,
			);
			name = Frameworks;
			sourceTree = "<group>";
		};
		805BCA4B2328E26A00421124 = {
			isa = PBXGroup;
			children = (
				805BCA562328E26A00421124 /* DemoAPP2 */,
				805BCA6B2328E26B00421124 /* DemoAPP2Tests */,
				805BCA552328E26A00421124 /* Products */,
				800CEEC02339B47800439180 /* Frameworks */,
			);
			sourceTree = "<group>";
		};
		805BCA552328E26A00421124 /* Products */ = {
			isa = PBXGroup;
			children = (
				805BCA542328E26A00421124 /* DemoAPP2.app */,
				805BCA682328E26B00421124 /* DemoAPP2Tests.xctest */,
			);
			name = Products;
			sourceTree = "<group>";
		};
		805BCA562328E26A00421124 /* DemoAPP2 */ = {
			isa = PBXGroup;
			children = (
				805BCA572328E26A00421124 /* AppDelegate.swift */,
				805BCA592328E26A00421124 /* ViewController.swift */,
				805BCA5E2328E26B00421124 /* Assets.xcassets */,
				805BCA602328E26B00421124 /* LaunchScreen.storyboard */,
				805BCA632328E26B00421124 /* Info.plist */,
				8025F3C1234DB7FF00587A2D /* MainViewController.swift */,
				8025F3C2234DB7FF00587A2D /* MainViewController.xib */,
			);
			path = DemoAPP2;
			sourceTree = "<group>";
		};
		805BCA6B2328E26B00421124 /* DemoAPP2Tests */ = {
			isa = PBXGroup;
			children = (
				805BCA6C2328E26B00421124 /* DemoAPP2Tests.swift */,
				805BCA6E2328E26B00421124 /* Info.plist */,
			);
			path = DemoAPP2Tests;
			sourceTree = "<group>";
		};
/* End PBXGroup section */

/* Begin PBXNativeTarget section */
		805BCA532328E26A00421124 /* DemoAPP2 */ = {
			isa = PBXNativeTarget;
			buildConfigurationList = 805BCA712328E26B00421124 /* Build configuration list for PBXNativeTarget "DemoAPP2" */;
			buildPhases = (
				805BCA502328E26A00421124 /* Sources */,
				805BCA512328E26A00421124 /* Frameworks */,
				805BCA522328E26A00421124 /* Resources */,
			);
			buildRules = (
			);
			dependencies = (
			);
			name = DemoAPP2;
			productName = DemoAPP2;
			productReference = 805BCA542328E26A00421124 /* DemoAPP2.app */;
			productType = "com.apple.product-type.application";
		};
		805BCA672328E26B00421124 /* DemoAPP2Tests */ = {
			isa = PBXNativeTarget;
			buildConfigurationList = 805BCA742328E26B00421124 /* Build configuration list for PBXNativeTarget "DemoAPP2Tests" */;
			buildPhases = (
				805BCA642328E26B00421124 /* Sources */,
				805BCA652328E26B00421124 /* Frameworks */,
				805BCA662328E26B00421124 /* Resources */,
			);
			buildRules = (
			);
			dependencies = (
				805BCA6A2328E26B00421124 /* PBXTargetDependency */,
			);
			name = DemoAPP2Tests;
			productName = DemoAPP2Tests;
			productReference = 805BCA682328E26B00421124 /* DemoAPP2Tests.xctest */;
			productType = "com.apple.product-type.bundle.unit-test";
		};
/* End PBXNativeTarget section */

/* Begin PBXProject section */
		805BCA4C2328E26A00421124 /* Project object */ = {
			isa = PBXProject;
			attributes = {
				LastSwiftUpdateCheck = 1030;
				LastUpgradeCheck = 1030;
				ORGANIZATIONNAME = HumanID;
				TargetAttributes = {
					805BCA532328E26A00421124 = {
						CreatedOnToolsVersion = 10.3;
					};
					805BCA672328E26B00421124 = {
						CreatedOnToolsVersion = 10.3;
						TestTargetID = 805BCA532328E26A00421124;
					};
				};
			};
			buildConfigurationList = 805BCA4F2328E26A00421124 /* Build configuration list for PBXProject "DemoAPP2" */;
			compatibilityVersion = "Xcode 9.3";
			developmentRegion = en;
			hasScannedForEncodings = 0;
			knownRegions = (
				en,
				Base,
			);
			mainGroup = 805BCA4B2328E26A00421124;
			productRefGroup = 805BCA552328E26A00421124 /* Products */;
			projectDirPath = "";
			projectRoot = "";
			targets = (
				805BCA532328E26A00421124 /* DemoAPP2 */,
				805BCA672328E26B00421124 /* DemoAPP2Tests */,
			);
		};
/* End PBXProject section */

/* Begin PBXResourcesBuildPhase section */
		805BCA522328E26A00421124 /* Resources */ = {
			isa = PBXResourcesBuildPhase;
			buildActionMask = 2147483647;
			files = (
				805BCA622328E26B00421124 /* LaunchScreen.storyboard in Resources */,
				8025F3C5234DB7FF00587A2D /* MainViewController.xib in Resources */,
				805BCA5F2328E26B00421124 /* Assets.xcassets in Resources */,
			);
			runOnlyForDeploymentPostprocessing = 0;
		};
		805BCA662328E26B00421124 /* Resources */ = {
			isa = PBXResourcesBuildPhase;
			buildActionMask = 2147483647;
			files = (
				8025F3C6234DB7FF00587A2D /* MainViewController.xib in Resources */,
			);
			runOnlyForDeploymentPostprocessing = 0;
		};
/* End PBXResourcesBuildPhase section */

/* Begin PBXSourcesBuildPhase section */
		805BCA502328E26A00421124 /* Sources */ = {
			isa = PBXSourcesBuildPhase;
			buildActionMask = 2147483647;
			files = (
				8025F3C3234DB7FF00587A2D /* MainViewController.swift in Sources */,
				805BCA5A2328E26A00421124 /* ViewController.swift in Sources */,
				805BCA582328E26A00421124 /* AppDelegate.swift in Sources */,
			);
			runOnlyForDeploymentPostprocessing = 0;
		};
		805BCA642328E26B00421124 /* Sources */ = {
			isa = PBXSourcesBuildPhase;
			buildActionMask = 2147483647;
			files = (
				805BCA6D2328E26B00421124 /* DemoAPP2Tests.swift in Sources */,
				8025F3C4234DB7FF00587A2D /* MainViewController.swift in Sources */,
			);
			runOnlyForDeploymentPostprocessing = 0;
		};
/* End PBXSourcesBuildPhase section */

/* Begin PBXTargetDependency section */
		805BCA6A2328E26B00421124 /* PBXTargetDependency */ = {
			isa = PBXTargetDependency;
			target = 805BCA532328E26A00421124 /* DemoAPP2 */;
			targetProxy = 805BCA692328E26B00421124 /* PBXContainerItemProxy */;
		};
/* End PBXTargetDependency section */

/* Begin PBXVariantGroup section */
		805BCA602328E26B00421124 /* LaunchScreen.storyboard */ = {
			isa = PBXVariantGroup;
			children = (
				805BCA612328E26B00421124 /* Base */,
			);
			name = LaunchScreen.storyboard;
			sourceTree = "<group>";
		};
/* End PBXVariantGroup section */

/* Begin XCBuildConfiguration section */
		805BCA6F2328E26B00421124 /* Debug */ = {
			isa = XCBuildConfiguration;
			buildSettings = {
				ALWAYS_SEARCH_USER_PATHS = NO;
				CLANG_ANALYZER_NONNULL = YES;
				CLANG_ANALYZER_NUMBER_OBJECT_CONVERSION = YES_AGGRESSIVE;
				CLANG_CXX_LANGUAGE_STANDARD = "gnu++14";
				CLANG_CXX_LIBRARY = "libc++";
				CLANG_ENABLE_MODULES = YES;
				CLANG_ENABLE_OBJC_ARC = YES;
				CLANG_ENABLE_OBJC_WEAK = YES;
				CLANG_WARN_BLOCK_CAPTURE_AUTORELEASING = YES;
				CLANG_WARN_BOOL_CONVERSION = YES;
				CLANG_WARN_COMMA = YES;
				CLANG_WARN_CONSTANT_CONVERSION = YES;
				CLANG_WARN_DEPRECATED_OBJC_IMPLEMENTATIONS = YES;
				CLANG_WARN_DIRECT_OBJC_ISA_USAGE = YES_ERROR;
				CLANG_WARN_DOCUMENTATION_COMMENTS = YES;
				CLANG_WARN_EMPTY_BODY = YES;
				CLANG_WARN_ENUM_CONVERSION = YES;
				CLANG_WARN_INFINITE_RECURSION = YES;
				CLANG_WARN_INT_CONVERSION = YES;
				CLANG_WARN_NON_LITERAL_NULL_CONVERSION = YES;
				CLANG_WARN_OBJC_IMPLICIT_RETAIN_SELF = YES;
				CLANG_WARN_OBJC_LITERAL_CONVERSION = YES;
				CLANG_WARN_OBJC_ROOT_CLASS = YES_ERROR;
				CLANG_WARN_RANGE_LOOP_ANALYSIS = YES;
				CLANG_WARN_STRICT_PROTOTYPES = YES;
				CLANG_WARN_SUSPICIOUS_MOVE = YES;
				CLANG_WARN_UNGUARDED_AVAILABILITY = YES_AGGRESSIVE;
				CLANG_WARN_UNREACHABLE_CODE = YES;
				CLANG_WARN__DUPLICATE_METHOD_MATCH = YES;
				CODE_SIGN_IDENTITY = "iPhone Developer";
				COPY_PHASE_STRIP = NO;
				DEBUG_INFORMATION_FORMAT = dwarf;
				ENABLE_STRICT_OBJC_MSGSEND = YES;
				ENABLE_TESTABILITY = YES;
				GCC_C_LANGUAGE_STANDARD = gnu11;
				GCC_DYNAMIC_NO_PIC = NO;
				GCC_NO_COMMON_BLOCKS = YES;
				GCC_OPTIMIZATION_LEVEL = 0;
				GCC_PREPROCESSOR_DEFINITIONS = (
					"DEBUG=1",
					"$(inherited)",
				);
				GCC_WARN_64_TO_32_BIT_CONVERSION = YES;
				GCC_WARN_ABOUT_RETURN_TYPE = YES_ERROR;
				GCC_WARN_UNDECLARED_SELECTOR = YES;
				GCC_WARN_UNINITIALIZED_AUTOS = YES_AGGRESSIVE;
				GCC_WARN_UNUSED_FUNCTION = YES;
				GCC_WARN_UNUSED_VARIABLE = YES;
				IPHONEOS_DEPLOYMENT_TARGET = 12.4;
				MTL_ENABLE_DEBUG_INFO = INCLUDE_SOURCE;
				MTL_FAST_MATH = YES;
				ONLY_ACTIVE_ARCH = YES;
				SDKROOT = iphoneos;
				SWIFT_ACTIVE_COMPILATION_CONDITIONS = DEBUG;
				SWIFT_OPTIMIZATION_LEVEL = "-Onone";
			};
			name = Debug;
		};
		805BCA702328E26B00421124 /* Release */ = {
			isa = XCBuildConfiguration;
			buildSettings = {
				ALWAYS_SEARCH_USER_PATHS = NO;
				CLANG_ANALYZER_NONNULL = YES;
				CLANG_ANALYZER_NUMBER_OBJECT_CONVERSION = YES_AGGRESSIVE;
				CLANG_CXX_LANGUAGE_STANDARD = "gnu++14";
				CLANG_CXX_LIBRARY = "libc++";
				CLANG_ENABLE_MODULES = YES;
				CLANG_ENABLE_OBJC_ARC = YES;
				CLANG_ENABLE_OBJC_WEAK = YES;
				CLANG_WARN_BLOCK_CAPTURE_AUTORELEASING = YES;
				CLANG_WARN_BOOL_CONVERSION = YES;
				CLANG_WARN_COMMA = YES;
				CLANG_WARN_CONSTANT_CONVERSION = YES;
				CLANG_WARN_DEPRECATED_OBJC_IMPLEMENTATIONS = YES;
				CLANG_WARN_DIRECT_OBJC_ISA_USAGE = YES_ERROR;
				CLANG_WARN_DOCUMENTATION_COMMENTS = YES;
				CLANG_WARN_EMPTY_BODY = YES;
				CLANG_WARN_ENUM_CONVERSION = YES;
				CLANG_WARN_INFINITE_RECURSION = YES;
				CLANG_WARN_INT_CONVERSION = YES;
				CLANG_WARN_NON_LITERAL_NULL_CONVERSION = YES;
				CLANG_WARN_OBJC_IMPLICIT_RETAIN_SELF = YES;
				CLANG_WARN_OBJC_LITERAL_CONVERSION = YES;
				CLANG_WARN_OBJC_ROOT_CLASS = YES_ERROR;
				CLANG_WARN_RANGE_LOOP_ANALYSIS = YES;
				CLANG_WARN_STRICT_PROTOTYPES = YES;
				CLANG_WARN_SUSPICIOUS_MOVE = YES;
				CLANG_WARN_UNGUARDED_AVAILABILITY = YES_AGGRESSIVE;
				CLANG_WARN_UNREACHABLE_CODE = YES;
				CLANG_WARN__DUPLICATE_METHOD_MATCH = YES;
				CODE_SIGN_IDENTITY = "iPhone Developer";
				COPY_PHASE_STRIP = NO;
				DEBUG_INFORMATION_FORMAT = "dwarf-with-dsym";
				ENABLE_NS_ASSERTIONS = NO;
				ENABLE_STRICT_OBJC_MSGSEND = YES;
				GCC_C_LANGUAGE_STANDARD = gnu11;
				GCC_NO_COMMON_BLOCKS = YES;
				GCC_WARN_64_TO_32_BIT_CONVERSION = YES;
				GCC_WARN_ABOUT_RETURN_TYPE = YES_ERROR;
				GCC_WARN_UNDECLARED_SELECTOR = YES;
				GCC_WARN_UNINITIALIZED_AUTOS = YES_AGGRESSIVE;
				GCC_WARN_UNUSED_FUNCTION = YES;
				GCC_WARN_UNUSED_VARIABLE = YES;
				IPHONEOS_DEPLOYMENT_TARGET = 12.4;
				MTL_ENABLE_DEBUG_INFO = NO;
				MTL_FAST_MATH = YES;
				SDKROOT = iphoneos;
				SWIFT_COMPILATION_MODE = wholemodule;
				SWIFT_OPTIMIZATION_LEVEL = "-O";
				VALIDATE_PRODUCT = YES;
			};
			name = Release;
		};
		805BCA722328E26B00421124 /* Debug */ = {
			isa = XCBuildConfiguration;
			buildSettings = {
				ASSETCATALOG_COMPILER_APPICON_NAME = AppIcon;
				CODE_SIGN_STYLE = Automatic;
				DEVELOPMENT_TEAM = C3HF5UM96P;
				INFOPLIST_FILE = DemoAPP2/Info.plist;
				LD_RUNPATH_SEARCH_PATHS = (
					"$(inherited)",
					"@executable_path/Frameworks",
				);
				PRODUCT_BUNDLE_IDENTIFIER = org.humanid.DemoAPP2;
				PRODUCT_NAME = "$(TARGET_NAME)";
				SWIFT_VERSION = 5.0;
				TARGETED_DEVICE_FAMILY = "1,2";
			};
			name = Debug;
		};
		805BCA732328E26B00421124 /* Release */ = {
			isa = XCBuildConfiguration;
			buildSettings = {
				ASSETCATALOG_COMPILER_APPICON_NAME = AppIcon;
				CODE_SIGN_STYLE = Automatic;
				DEVELOPMENT_TEAM = C3HF5UM96P;
				INFOPLIST_FILE = DemoAPP2/Info.plist;
				LD_RUNPATH_SEARCH_PATHS = (
					"$(inherited)",
					"@executable_path/Frameworks",
				);
				PRODUCT_BUNDLE_IDENTIFIER = org.humanid.DemoAPP2;
				PRODUCT_NAME = "$(TARGET_NAME)";
				SWIFT_VERSION = 5.0;
				TARGETED_DEVICE_FAMILY = "1,2";
			};
			name = Release;
		};
		805BCA752328E26B00421124 /* Debug */ = {
			isa = XCBuildConfiguration;
			buildSettings = {
				ALWAYS_EMBED_SWIFT_STANDARD_LIBRARIES = YES;
				BUNDLE_LOADER = "$(TEST_HOST)";
				CODE_SIGN_STYLE = Automatic;
				DEVELOPMENT_TEAM = C3HF5UM96P;
				INFOPLIST_FILE = DemoAPP2Tests/Info.plist;
				LD_RUNPATH_SEARCH_PATHS = (
					"$(inherited)",
					"@executable_path/Frameworks",
					"@loader_path/Frameworks",
				);
				PRODUCT_BUNDLE_IDENTIFIER = org.humanid.DemoAPP2Tests;
				PRODUCT_NAME = "$(TARGET_NAME)";
				SWIFT_VERSION = 5.0;
				TARGETED_DEVICE_FAMILY = "1,2";
				TEST_HOST = "$(BUILT_PRODUCTS_DIR)/DemoAPP2.app/DemoAPP2";
			};
			name = Debug;
		};
		805BCA762328E26B00421124 /* Release */ = {
			isa = XCBuildConfiguration;
			buildSettings = {
				ALWAYS_EMBED_SWIFT_STANDARD_LIBRARIES = YES;
				BUNDLE_LOADER = "$(TEST_HOST)";
				CODE_SIGN_STYLE = Automatic;
				DEVELOPMENT_TEAM = C3HF5UM96P;
				INFOPLIST_FILE = DemoAPP2Tests/Info.plist;
				LD_RUNPATH_SEARCH_PATHS = (
					"$(inherited)",
					"@executable_path/Frameworks",
					"@loader_path/Frameworks",
				);
				PRODUCT_BUNDLE_IDENTIFIER = org.humanid.DemoAPP2Tests;
				PRODUCT_NAME = "$(TARGET_NAME)";
				SWIFT_VERSION = 5.0;
				TARGETED_DEVICE_FAMILY = "1,2";
				TEST_HOST = "$(BUILT_PRODUCTS_DIR)/DemoAPP2.app/DemoAPP2";
			};
			name = Release;
		};
/* End XCBuildConfiguration section */

/* Begin XCConfigurationList section */
		805BCA4F2328E26A00421124 /* Build configuration list for PBXProject "DemoAPP2" */ = {
			isa = XCConfigurationList;
			buildConfigurations = (
				805BCA6F2328E26B00421124 /* Debug */,
				805BCA702328E26B00421124 /* Release */,
			);
			defaultConfigurationIsVisible = 0;
			defaultConfigurationName = Release;
		};
		805BCA712328E26B00421124 /* Build configuration list for PBXNativeTarget "DemoAPP2" */ = {
			isa = XCConfigurationList;
			buildConfigurations = (
				805BCA722328E26B00421124 /* Debug */,
				805BCA732328E26B00421124 /* Release */,
			);
			defaultConfigurationIsVisible = 0;
			defaultConfigurationName = Release;
		};
		805BCA742328E26B00421124 /* Build configuration list for PBXNativeTarget "DemoAPP2Tests" */ = {
			isa = XCConfigurationList;
			buildConfigurations = (
				805BCA752328E26B00421124 /* Debug */,
				805BCA762328E26B00421124 /* Release */,
			);
			defaultConfigurationIsVisible = 0;
			defaultConfigurationName = Release;
		};
/* End XCConfigurationList section */
	};
	rootObject = 805BCA4C2328E26A00421124 /* Project object */;
}
