// !$*UTF8*$!
{
	archiveVersion = 1;
	classes = {
	};
	objectVersion = 50;
	objects = {

/* Begin PBXBuildFile section */
		8049682B234B0A7400FEEF04 /* AppDelegate.swift in Sources */ = {isa = PBXBuildFile; fileRef = 8049682A234B0A7400FEEF04 /* AppDelegate.swift */; };
		8049682F234B0A7400FEEF04 /* ViewController.swift in Sources */ = {isa = PBXBuildFile; fileRef = 8049682E234B0A7400FEEF04 /* ViewController.swift */; };
		80496834234B0A7500FEEF04 /* Assets.xcassets in Resources */ = {isa = PBXBuildFile; fileRef = 80496833234B0A7500FEEF04 /* Assets.xcassets */; };
		80496837234B0A7500FEEF04 /* LaunchScreen.storyboard in Resources */ = {isa = PBXBuildFile; fileRef = 80496835234B0A7500FEEF04 /* LaunchScreen.storyboard */; };
		80496842234B0A7500FEEF04 /* HumanIDTests.swift in Sources */ = {isa = PBXBuildFile; fileRef = 80496841234B0A7500FEEF04 /* HumanIDTests.swift */; };
		8049684D234B0A7500FEEF04 /* HumanIDUITests.swift in Sources */ = {isa = PBXBuildFile; fileRef = 8049684C234B0A7500FEEF04 /* HumanIDUITests.swift */; };
/* End PBXBuildFile section */

/* Begin PBXContainerItemProxy section */
		8049683E234B0A7500FEEF04 /* PBXContainerItemProxy */ = {
			isa = PBXContainerItemProxy;
			containerPortal = 8049681F234B0A7400FEEF04 /* Project object */;
			proxyType = 1;
			remoteGlobalIDString = 80496826234B0A7400FEEF04;
			remoteInfo = HumanID;
		};
		80496849234B0A7500FEEF04 /* PBXContainerItemProxy */ = {
			isa = PBXContainerItemProxy;
			containerPortal = 8049681F234B0A7400FEEF04 /* Project object */;
			proxyType = 1;
			remoteGlobalIDString = 80496826234B0A7400FEEF04;
			remoteInfo = HumanID;
		};
/* End PBXContainerItemProxy section */

/* Begin PBXFileReference section */
		80496827234B0A7400FEEF04 /* HumanID.app */ = {isa = PBXFileReference; explicitFileType = wrapper.application; includeInIndex = 0; path = HumanID.app; sourceTree = BUILT_PRODUCTS_DIR; };
		8049682A234B0A7400FEEF04 /* AppDelegate.swift */ = {isa = PBXFileReference; lastKnownFileType = sourcecode.swift; path = AppDelegate.swift; sourceTree = "<group>"; };
		8049682E234B0A7400FEEF04 /* ViewController.swift */ = {isa = PBXFileReference; lastKnownFileType = sourcecode.swift; path = ViewController.swift; sourceTree = "<group>"; };
		80496833234B0A7500FEEF04 /* Assets.xcassets */ = {isa = PBXFileReference; lastKnownFileType = folder.assetcatalog; path = Assets.xcassets; sourceTree = "<group>"; };
		80496836234B0A7500FEEF04 /* Base */ = {isa = PBXFileReference; lastKnownFileType = file.storyboard; name = Base; path = Base.lproj/LaunchScreen.storyboard; sourceTree = "<group>"; };
		80496838234B0A7500FEEF04 /* Info.plist */ = {isa = PBXFileReference; lastKnownFileType = text.plist.xml; path = Info.plist; sourceTree = "<group>"; };
		8049683D234B0A7500FEEF04 /* HumanIDTests.xctest */ = {isa = PBXFileReference; explicitFileType = wrapper.cfbundle; includeInIndex = 0; path = HumanIDTests.xctest; sourceTree = BUILT_PRODUCTS_DIR; };
		80496841234B0A7500FEEF04 /* HumanIDTests.swift */ = {isa = PBXFileReference; lastKnownFileType = sourcecode.swift; path = HumanIDTests.swift; sourceTree = "<group>"; };
		80496843234B0A7500FEEF04 /* Info.plist */ = {isa = PBXFileReference; lastKnownFileType = text.plist.xml; path = Info.plist; sourceTree = "<group>"; };
		80496848234B0A7500FEEF04 /* HumanIDUITests.xctest */ = {isa = PBXFileReference; explicitFileType = wrapper.cfbundle; includeInIndex = 0; path = HumanIDUITests.xctest; sourceTree = BUILT_PRODUCTS_DIR; };
		8049684C234B0A7500FEEF04 /* HumanIDUITests.swift */ = {isa = PBXFileReference; lastKnownFileType = sourcecode.swift; path = HumanIDUITests.swift; sourceTree = "<group>"; };
		8049684E234B0A7500FEEF04 /* Info.plist */ = {isa = PBXFileReference; lastKnownFileType = text.plist.xml; path = Info.plist; sourceTree = "<group>"; };
/* End PBXFileReference section */

/* Begin PBXFrameworksBuildPhase section */
		80496824234B0A7400FEEF04 /* Frameworks */ = {
			isa = PBXFrameworksBuildPhase;
			buildActionMask = 2147483647;
			files = (
			);
			runOnlyForDeploymentPostprocessing = 0;
		};
		8049683A234B0A7500FEEF04 /* Frameworks */ = {
			isa = PBXFrameworksBuildPhase;
			buildActionMask = 2147483647;
			files = (
			);
			runOnlyForDeploymentPostprocessing = 0;
		};
		80496845234B0A7500FEEF04 /* Frameworks */ = {
			isa = PBXFrameworksBuildPhase;
			buildActionMask = 2147483647;
			files = (
			);
			runOnlyForDeploymentPostprocessing = 0;
		};
/* End PBXFrameworksBuildPhase section */

/* Begin PBXGroup section */
		8049681E234B0A7400FEEF04 = {
			isa = PBXGroup;
			children = (
				80496829234B0A7400FEEF04 /* HumanID */,
				80496840234B0A7500FEEF04 /* HumanIDTests */,
				8049684B234B0A7500FEEF04 /* HumanIDUITests */,
				80496828234B0A7400FEEF04 /* Products */,
			);
			sourceTree = "<group>";
		};
		80496828234B0A7400FEEF04 /* Products */ = {
			isa = PBXGroup;
			children = (
				80496827234B0A7400FEEF04 /* HumanID.app */,
				8049683D234B0A7500FEEF04 /* HumanIDTests.xctest */,
				80496848234B0A7500FEEF04 /* HumanIDUITests.xctest */,
			);
			name = Products;
			sourceTree = "<group>";
		};
		80496829234B0A7400FEEF04 /* HumanID */ = {
			isa = PBXGroup;
			children = (
				8049682A234B0A7400FEEF04 /* AppDelegate.swift */,
				8049682E234B0A7400FEEF04 /* ViewController.swift */,
				80496833234B0A7500FEEF04 /* Assets.xcassets */,
				80496835234B0A7500FEEF04 /* LaunchScreen.storyboard */,
				80496838234B0A7500FEEF04 /* Info.plist */,
			);
			path = HumanID;
			sourceTree = "<group>";
		};
		80496840234B0A7500FEEF04 /* HumanIDTests */ = {
			isa = PBXGroup;
			children = (
				80496841234B0A7500FEEF04 /* HumanIDTests.swift */,
				80496843234B0A7500FEEF04 /* Info.plist */,
			);
			path = HumanIDTests;
			sourceTree = "<group>";
		};
		8049684B234B0A7500FEEF04 /* HumanIDUITests */ = {
			isa = PBXGroup;
			children = (
				8049684C234B0A7500FEEF04 /* HumanIDUITests.swift */,
				8049684E234B0A7500FEEF04 /* Info.plist */,
			);
			path = HumanIDUITests;
			sourceTree = "<group>";
		};
/* End PBXGroup section */

/* Begin PBXNativeTarget section */
		80496826234B0A7400FEEF04 /* HumanID */ = {
			isa = PBXNativeTarget;
			buildConfigurationList = 80496851234B0A7500FEEF04 /* Build configuration list for PBXNativeTarget "HumanID" */;
			buildPhases = (
				80496823234B0A7400FEEF04 /* Sources */,
				80496824234B0A7400FEEF04 /* Frameworks */,
				80496825234B0A7400FEEF04 /* Resources */,
			);
			buildRules = (
			);
			dependencies = (
			);
			name = HumanID;
			productName = HumanID;
			productReference = 80496827234B0A7400FEEF04 /* HumanID.app */;
			productType = "com.apple.product-type.application";
		};
		8049683C234B0A7500FEEF04 /* HumanIDTests */ = {
			isa = PBXNativeTarget;
			buildConfigurationList = 80496854234B0A7500FEEF04 /* Build configuration list for PBXNativeTarget "HumanIDTests" */;
			buildPhases = (
				80496839234B0A7500FEEF04 /* Sources */,
				8049683A234B0A7500FEEF04 /* Frameworks */,
				8049683B234B0A7500FEEF04 /* Resources */,
			);
			buildRules = (
			);
			dependencies = (
				8049683F234B0A7500FEEF04 /* PBXTargetDependency */,
			);
			name = HumanIDTests;
			productName = HumanIDTests;
			productReference = 8049683D234B0A7500FEEF04 /* HumanIDTests.xctest */;
			productType = "com.apple.product-type.bundle.unit-test";
		};
		80496847234B0A7500FEEF04 /* HumanIDUITests */ = {
			isa = PBXNativeTarget;
			buildConfigurationList = 80496857234B0A7500FEEF04 /* Build configuration list for PBXNativeTarget "HumanIDUITests" */;
			buildPhases = (
				80496844234B0A7500FEEF04 /* Sources */,
				80496845234B0A7500FEEF04 /* Frameworks */,
				80496846234B0A7500FEEF04 /* Resources */,
			);
			buildRules = (
			);
			dependencies = (
				8049684A234B0A7500FEEF04 /* PBXTargetDependency */,
			);
			name = HumanIDUITests;
			productName = HumanIDUITests;
			productReference = 80496848234B0A7500FEEF04 /* HumanIDUITests.xctest */;
			productType = "com.apple.product-type.bundle.ui-testing";
		};
/* End PBXNativeTarget section */

/* Begin PBXProject section */
		8049681F234B0A7400FEEF04 /* Project object */ = {
			isa = PBXProject;
			attributes = {
				LastSwiftUpdateCheck = 1100;
				LastUpgradeCheck = 1100;
				ORGANIZATIONNAME = HumanID;
				TargetAttributes = {
					80496826234B0A7400FEEF04 = {
						CreatedOnToolsVersion = 11.0;
					};
					8049683C234B0A7500FEEF04 = {
						CreatedOnToolsVersion = 11.0;
						TestTargetID = 80496826234B0A7400FEEF04;
					};
					80496847234B0A7500FEEF04 = {
						CreatedOnToolsVersion = 11.0;
						TestTargetID = 80496826234B0A7400FEEF04;
					};
				};
			};
			buildConfigurationList = 80496822234B0A7400FEEF04 /* Build configuration list for PBXProject "HumanID" */;
			compatibilityVersion = "Xcode 9.3";
			developmentRegion = en;
			hasScannedForEncodings = 0;
			knownRegions = (
				en,
				Base,
			);
			mainGroup = 8049681E234B0A7400FEEF04;
			productRefGroup = 80496828234B0A7400FEEF04 /* Products */;
			projectDirPath = "";
			projectRoot = "";
			targets = (
				80496826234B0A7400FEEF04 /* HumanID */,
				8049683C234B0A7500FEEF04 /* HumanIDTests */,
				80496847234B0A7500FEEF04 /* HumanIDUITests */,
			);
		};
/* End PBXProject section */

/* Begin PBXResourcesBuildPhase section */
		80496825234B0A7400FEEF04 /* Resources */ = {
			isa = PBXResourcesBuildPhase;
			buildActionMask = 2147483647;
			files = (
				80496837234B0A7500FEEF04 /* LaunchScreen.storyboard in Resources */,
				80496834234B0A7500FEEF04 /* Assets.xcassets in Resources */,
			);
			runOnlyForDeploymentPostprocessing = 0;
		};
		8049683B234B0A7500FEEF04 /* Resources */ = {
			isa = PBXResourcesBuildPhase;
			buildActionMask = 2147483647;
			files = (
			);
			runOnlyForDeploymentPostprocessing = 0;
		};
		80496846234B0A7500FEEF04 /* Resources */ = {
			isa = PBXResourcesBuildPhase;
			buildActionMask = 2147483647;
			files = (
			);
			runOnlyForDeploymentPostprocessing = 0;
		};
/* End PBXResourcesBuildPhase section */

/* Begin PBXSourcesBuildPhase section */
		80496823234B0A7400FEEF04 /* Sources */ = {
			isa = PBXSourcesBuildPhase;
			buildActionMask = 2147483647;
			files = (
				8049682F234B0A7400FEEF04 /* ViewController.swift in Sources */,
				8049682B234B0A7400FEEF04 /* AppDelegate.swift in Sources */,
			);
			runOnlyForDeploymentPostprocessing = 0;
		};
		80496839234B0A7500FEEF04 /* Sources */ = {
			isa = PBXSourcesBuildPhase;
			buildActionMask = 2147483647;
			files = (
				80496842234B0A7500FEEF04 /* HumanIDTests.swift in Sources */,
			);
			runOnlyForDeploymentPostprocessing = 0;
		};
		80496844234B0A7500FEEF04 /* Sources */ = {
			isa = PBXSourcesBuildPhase;
			buildActionMask = 2147483647;
			files = (
				8049684D234B0A7500FEEF04 /* HumanIDUITests.swift in Sources */,
			);
			runOnlyForDeploymentPostprocessing = 0;
		};
/* End PBXSourcesBuildPhase section */

/* Begin PBXTargetDependency section */
		8049683F234B0A7500FEEF04 /* PBXTargetDependency */ = {
			isa = PBXTargetDependency;
			target = 80496826234B0A7400FEEF04 /* HumanID */;
			targetProxy = 8049683E234B0A7500FEEF04 /* PBXContainerItemProxy */;
		};
		8049684A234B0A7500FEEF04 /* PBXTargetDependency */ = {
			isa = PBXTargetDependency;
			target = 80496826234B0A7400FEEF04 /* HumanID */;
			targetProxy = 80496849234B0A7500FEEF04 /* PBXContainerItemProxy */;
		};
/* End PBXTargetDependency section */

/* Begin PBXVariantGroup section */
		80496835234B0A7500FEEF04 /* LaunchScreen.storyboard */ = {
			isa = PBXVariantGroup;
			children = (
				80496836234B0A7500FEEF04 /* Base */,
			);
			name = LaunchScreen.storyboard;
			sourceTree = "<group>";
		};
/* End PBXVariantGroup section */

/* Begin XCBuildConfiguration section */
		8049684F234B0A7500FEEF04 /* Debug */ = {
			isa = XCBuildConfiguration;
			buildSettings = {
				ALWAYS_SEARCH_USER_PATHS = NO;
				CLANG_ANALYZER_NONNULL = YES;
				CLANG_ANALYZER_NUMBER_OBJECT_CONVERSION = YES_AGGRESSIVE;
				CLANG_CXX_LANGUAGE_STANDARD = "gnu++14";
				CLANG_CXX_LIBRARY = "libc++";
				CLANG_ENABLE_MODULES = YES;
				CLANG_ENABLE_OBJC_ARC = YES;
				CLANG_ENABLE_OBJC_WEAK = YES;
				CLANG_WARN_BLOCK_CAPTURE_AUTORELEASING = YES;
				CLANG_WARN_BOOL_CONVERSION = YES;
				CLANG_WARN_COMMA = YES;
				CLANG_WARN_CONSTANT_CONVERSION = YES;
				CLANG_WARN_DEPRECATED_OBJC_IMPLEMENTATIONS = YES;
				CLANG_WARN_DIRECT_OBJC_ISA_USAGE = YES_ERROR;
				CLANG_WARN_DOCUMENTATION_COMMENTS = YES;
				CLANG_WARN_EMPTY_BODY = YES;
				CLANG_WARN_ENUM_CONVERSION = YES;
				CLANG_WARN_INFINITE_RECURSION = YES;
				CLANG_WARN_INT_CONVERSION = YES;
				CLANG_WARN_NON_LITERAL_NULL_CONVERSION = YES;
				CLANG_WARN_OBJC_IMPLICIT_RETAIN_SELF = YES;
				CLANG_WARN_OBJC_LITERAL_CONVERSION = YES;
				CLANG_WARN_OBJC_ROOT_CLASS = YES_ERROR;
				CLANG_WARN_RANGE_LOOP_ANALYSIS = YES;
				CLANG_WARN_STRICT_PROTOTYPES = YES;
				CLANG_WARN_SUSPICIOUS_MOVE = YES;
				CLANG_WARN_UNGUARDED_AVAILABILITY = YES_AGGRESSIVE;
				CLANG_WARN_UNREACHABLE_CODE = YES;
				CLANG_WARN__DUPLICATE_METHOD_MATCH = YES;
				COPY_PHASE_STRIP = NO;
				DEBUG_INFORMATION_FORMAT = dwarf;
				ENABLE_STRICT_OBJC_MSGSEND = YES;
				ENABLE_TESTABILITY = YES;
				GCC_C_LANGUAGE_STANDARD = gnu11;
				GCC_DYNAMIC_NO_PIC = NO;
				GCC_NO_COMMON_BLOCKS = YES;
				GCC_OPTIMIZATION_LEVEL = 0;
				GCC_PREPROCESSOR_DEFINITIONS = (
					"DEBUG=1",
					"$(inherited)",
				);
				GCC_WARN_64_TO_32_BIT_CONVERSION = YES;
				GCC_WARN_ABOUT_RETURN_TYPE = YES_ERROR;
				GCC_WARN_UNDECLARED_SELECTOR = YES;
				GCC_WARN_UNINITIALIZED_AUTOS = YES_AGGRESSIVE;
				GCC_WARN_UNUSED_FUNCTION = YES;
				GCC_WARN_UNUSED_VARIABLE = YES;
				IPHONEOS_DEPLOYMENT_TARGET = 13.0;
				MTL_ENABLE_DEBUG_INFO = INCLUDE_SOURCE;
				MTL_FAST_MATH = YES;
				ONLY_ACTIVE_ARCH = YES;
				SDKROOT = iphoneos;
				SWIFT_ACTIVE_COMPILATION_CONDITIONS = DEBUG;
				SWIFT_OPTIMIZATION_LEVEL = "-Onone";
			};
			name = Debug;
		};
		80496850234B0A7500FEEF04 /* Release */ = {
			isa = XCBuildConfiguration;
			buildSettings = {
				ALWAYS_SEARCH_USER_PATHS = NO;
				CLANG_ANALYZER_NONNULL = YES;
				CLANG_ANALYZER_NUMBER_OBJECT_CONVERSION = YES_AGGRESSIVE;
				CLANG_CXX_LANGUAGE_STANDARD = "gnu++14";
				CLANG_CXX_LIBRARY = "libc++";
				CLANG_ENABLE_MODULES = YES;
				CLANG_ENABLE_OBJC_ARC = YES;
				CLANG_ENABLE_OBJC_WEAK = YES;
				CLANG_WARN_BLOCK_CAPTURE_AUTORELEASING = YES;
				CLANG_WARN_BOOL_CONVERSION = YES;
				CLANG_WARN_COMMA = YES;
				CLANG_WARN_CONSTANT_CONVERSION = YES;
				CLANG_WARN_DEPRECATED_OBJC_IMPLEMENTATIONS = YES;
				CLANG_WARN_DIRECT_OBJC_ISA_USAGE = YES_ERROR;
				CLANG_WARN_DOCUMENTATION_COMMENTS = YES;
				CLANG_WARN_EMPTY_BODY = YES;
				CLANG_WARN_ENUM_CONVERSION = YES;
				CLANG_WARN_INFINITE_RECURSION = YES;
				CLANG_WARN_INT_CONVERSION = YES;
				CLANG_WARN_NON_LITERAL_NULL_CONVERSION = YES;
				CLANG_WARN_OBJC_IMPLICIT_RETAIN_SELF = YES;
				CLANG_WARN_OBJC_LITERAL_CONVERSION = YES;
				CLANG_WARN_OBJC_ROOT_CLASS = YES_ERROR;
				CLANG_WARN_RANGE_LOOP_ANALYSIS = YES;
				CLANG_WARN_STRICT_PROTOTYPES = YES;
				CLANG_WARN_SUSPICIOUS_MOVE = YES;
				CLANG_WARN_UNGUARDED_AVAILABILITY = YES_AGGRESSIVE;
				CLANG_WARN_UNREACHABLE_CODE = YES;
				CLANG_WARN__DUPLICATE_METHOD_MATCH = YES;
				COPY_PHASE_STRIP = NO;
				DEBUG_INFORMATION_FORMAT = "dwarf-with-dsym";
				ENABLE_NS_ASSERTIONS = NO;
				ENABLE_STRICT_OBJC_MSGSEND = YES;
				GCC_C_LANGUAGE_STANDARD = gnu11;
				GCC_NO_COMMON_BLOCKS = YES;
				GCC_WARN_64_TO_32_BIT_CONVERSION = YES;
				GCC_WARN_ABOUT_RETURN_TYPE = YES_ERROR;
				GCC_WARN_UNDECLARED_SELECTOR = YES;
				GCC_WARN_UNINITIALIZED_AUTOS = YES_AGGRESSIVE;
				GCC_WARN_UNUSED_FUNCTION = YES;
				GCC_WARN_UNUSED_VARIABLE = YES;
				IPHONEOS_DEPLOYMENT_TARGET = 13.0;
				MTL_ENABLE_DEBUG_INFO = NO;
				MTL_FAST_MATH = YES;
				SDKROOT = iphoneos;
				SWIFT_COMPILATION_MODE = wholemodule;
				SWIFT_OPTIMIZATION_LEVEL = "-O";
				VALIDATE_PRODUCT = YES;
			};
			name = Release;
		};
		80496852234B0A7500FEEF04 /* Debug */ = {
			isa = XCBuildConfiguration;
			buildSettings = {
				ASSETCATALOG_COMPILER_APPICON_NAME = AppIcon;
				CODE_SIGN_STYLE = Automatic;
				DEVELOPMENT_TEAM = C3HF5UM96P;
				INFOPLIST_FILE = HumanID/Info.plist;
				IPHONEOS_DEPLOYMENT_TARGET = 12.4;
				LD_RUNPATH_SEARCH_PATHS = (
					"$(inherited)",
					"@executable_path/Frameworks",
				);
				PRODUCT_BUNDLE_IDENTIFIER = org.humanid.HumanID;
				PRODUCT_NAME = "$(TARGET_NAME)";
				SWIFT_VERSION = 5.0;
				TARGETED_DEVICE_FAMILY = 1;
			};
			name = Debug;
		};
		80496853234B0A7500FEEF04 /* Release */ = {
			isa = XCBuildConfiguration;
			buildSettings = {
				ASSETCATALOG_COMPILER_APPICON_NAME = AppIcon;
				CODE_SIGN_STYLE = Automatic;
				DEVELOPMENT_TEAM = C3HF5UM96P;
				INFOPLIST_FILE = HumanID/Info.plist;
				IPHONEOS_DEPLOYMENT_TARGET = 12.4;
				LD_RUNPATH_SEARCH_PATHS = (
					"$(inherited)",
					"@executable_path/Frameworks",
				);
				PRODUCT_BUNDLE_IDENTIFIER = org.humanid.HumanID;
				PRODUCT_NAME = "$(TARGET_NAME)";
				SWIFT_VERSION = 5.0;
				TARGETED_DEVICE_FAMILY = 1;
			};
			name = Release;
		};
		80496855234B0A7500FEEF04 /* Debug */ = {
			isa = XCBuildConfiguration;
			buildSettings = {
				ALWAYS_EMBED_SWIFT_STANDARD_LIBRARIES = YES;
				BUNDLE_LOADER = "$(TEST_HOST)";
				CODE_SIGN_STYLE = Automatic;
				DEVELOPMENT_TEAM = C3HF5UM96P;
				INFOPLIST_FILE = HumanIDTests/Info.plist;
				IPHONEOS_DEPLOYMENT_TARGET = 13.0;
				LD_RUNPATH_SEARCH_PATHS = (
					"$(inherited)",
					"@executable_path/Frameworks",
					"@loader_path/Frameworks",
				);
				PRODUCT_BUNDLE_IDENTIFIER = org.humanid.HumanIDTests;
				PRODUCT_NAME = "$(TARGET_NAME)";
				SWIFT_VERSION = 5.0;
				TARGETED_DEVICE_FAMILY = "1,2";
				TEST_HOST = "$(BUILT_PRODUCTS_DIR)/HumanID.app/HumanID";
			};
			name = Debug;
		};
		80496856234B0A7500FEEF04 /* Release */ = {
			isa = XCBuildConfiguration;
			buildSettings = {
				ALWAYS_EMBED_SWIFT_STANDARD_LIBRARIES = YES;
				BUNDLE_LOADER = "$(TEST_HOST)";
				CODE_SIGN_STYLE = Automatic;
				DEVELOPMENT_TEAM = C3HF5UM96P;
				INFOPLIST_FILE = HumanIDTests/Info.plist;
				IPHONEOS_DEPLOYMENT_TARGET = 13.0;
				LD_RUNPATH_SEARCH_PATHS = (
					"$(inherited)",
					"@executable_path/Frameworks",
					"@loader_path/Frameworks",
				);
				PRODUCT_BUNDLE_IDENTIFIER = org.humanid.HumanIDTests;
				PRODUCT_NAME = "$(TARGET_NAME)";
				SWIFT_VERSION = 5.0;
				TARGETED_DEVICE_FAMILY = "1,2";
				TEST_HOST = "$(BUILT_PRODUCTS_DIR)/HumanID.app/HumanID";
			};
			name = Release;
		};
		80496858234B0A7500FEEF04 /* Debug */ = {
			isa = XCBuildConfiguration;
			buildSettings = {
				ALWAYS_EMBED_SWIFT_STANDARD_LIBRARIES = YES;
				CODE_SIGN_STYLE = Automatic;
				DEVELOPMENT_TEAM = C3HF5UM96P;
				INFOPLIST_FILE = HumanIDUITests/Info.plist;
				LD_RUNPATH_SEARCH_PATHS = (
					"$(inherited)",
					"@executable_path/Frameworks",
					"@loader_path/Frameworks",
				);
				PRODUCT_BUNDLE_IDENTIFIER = org.humanid.HumanIDUITests;
				PRODUCT_NAME = "$(TARGET_NAME)";
				SWIFT_VERSION = 5.0;
				TARGETED_DEVICE_FAMILY = "1,2";
				TEST_TARGET_NAME = HumanID;
			};
			name = Debug;
		};
		80496859234B0A7500FEEF04 /* Release */ = {
			isa = XCBuildConfiguration;
			buildSettings = {
				ALWAYS_EMBED_SWIFT_STANDARD_LIBRARIES = YES;
				CODE_SIGN_STYLE = Automatic;
				DEVELOPMENT_TEAM = C3HF5UM96P;
				INFOPLIST_FILE = HumanIDUITests/Info.plist;
				LD_RUNPATH_SEARCH_PATHS = (
					"$(inherited)",
					"@executable_path/Frameworks",
					"@loader_path/Frameworks",
				);
				PRODUCT_BUNDLE_IDENTIFIER = org.humanid.HumanIDUITests;
				PRODUCT_NAME = "$(TARGET_NAME)";
				SWIFT_VERSION = 5.0;
				TARGETED_DEVICE_FAMILY = "1,2";
				TEST_TARGET_NAME = HumanID;
			};
			name = Release;
		};
/* End XCBuildConfiguration section */

/* Begin XCConfigurationList section */
		80496822234B0A7400FEEF04 /* Build configuration list for PBXProject "HumanID" */ = {
			isa = XCConfigurationList;
			buildConfigurations = (
				8049684F234B0A7500FEEF04 /* Debug */,
				80496850234B0A7500FEEF04 /* Release */,
			);
			defaultConfigurationIsVisible = 0;
			defaultConfigurationName = Release;
		};
		80496851234B0A7500FEEF04 /* Build configuration list for PBXNativeTarget "HumanID" */ = {
			isa = XCConfigurationList;
			buildConfigurations = (
				80496852234B0A7500FEEF04 /* Debug */,
				80496853234B0A7500FEEF04 /* Release */,
			);
			defaultConfigurationIsVisible = 0;
			defaultConfigurationName = Release;
		};
		80496854234B0A7500FEEF04 /* Build configuration list for PBXNativeTarget "HumanIDTests" */ = {
			isa = XCConfigurationList;
			buildConfigurations = (
				80496855234B0A7500FEEF04 /* Debug */,
				80496856234B0A7500FEEF04 /* Release */,
			);
			defaultConfigurationIsVisible = 0;
			defaultConfigurationName = Release;
		};
		80496857234B0A7500FEEF04 /* Build configuration list for PBXNativeTarget "HumanIDUITests" */ = {
			isa = XCConfigurationList;
			buildConfigurations = (
				80496858234B0A7500FEEF04 /* Debug */,
				80496859234B0A7500FEEF04 /* Release */,
			);
			defaultConfigurationIsVisible = 0;
			defaultConfigurationName = Release;
		};
/* End XCConfigurationList section */
	};
	rootObject = 8049681F234B0A7400FEEF04 /* Project object */;
}
